{
  "pins" : [
    {
      "identity" : "wwcaptchaview",
      "kind" : "remoteSourceControl",
      "location" : "https://github.com/William-Weng/WWCaptchaView",
      "state" : {
        "revision" : "fdd232e7b95a0b387a41ff14eff879c115d465a7",
        "version" : "1.1.2"
      }
    }
  ],
  "version" : 2
}
