{
  "pins" : [
    {
      "identity" : "wwcaptchaview",
      "kind" : "remoteSourceControl",
      "location" : "https://github.com/William-Weng/WWCaptchaView",
      "state" : {
        "revision" : "70df9af8002b35e29e105d415d42742005574e67",
        "version" : "1.1.5"
      }
    }
  ],
  "version" : 2
}
