{
  "pins" : [
    {
      "identity" : "wwcaptchaview",
      "kind" : "remoteSourceControl",
      "location" : "https://github.com/William-Weng/WWCaptchaView",
      "state" : {
        "revision" : "093c1ccbf7e257be99a4cc467710fcbf9a196412",
        "version" : "1.0.4"
      }
    },
    {
      "identity" : "wwprint",
      "kind" : "remoteSourceControl",
      "location" : "https://github.com/William-Weng/WWPrint",
      "state" : {
        "revision" : "8f5928f5d36624d77f8fc563fd8e31a59cfac6b6",
        "version" : "1.3.1"
      }
    }
  ],
  "version" : 2
}
